
Microsoft Visual Studio Solution File, Format Version 12.00
# Visual Studio Version 16
VisualStudioVersion = 16.0.31515.178
MinimumVisualStudioVersion = 10.0.40219.1
Project("{FAE04EC0-301F-11D3-BF4B-00C04F79EFBC}") = "space-adventure", "space-adventure.csproj", "{1502F6E9-6193-4BBD-BC08-DBD1E8EB0F6C}"
EndProject
Global
	GlobalSection(SolutionConfigurationPlatforms) = preSolution
		Debug|Any CPU = Debug|Any CPU
		Release|Any CPU = Release|Any CPU
	EndGlobalSection
	GlobalSection(ProjectConfigurationPlatforms) = postSolution
		{1502F6E9-6193-4BBD-BC08-DBD1E8EB0F6C}.Debug|Any CPU.ActiveCfg = Debug|Any CPU
		{1502F6E9-6193-4BBD-BC08-DBD1E8EB0F6C}.Debug|Any CPU.Build.0 = Debug|Any CPU
		{1502F6E9-6193-4BBD-BC08-DBD1E8EB0F6C}.Release|Any CPU.ActiveCfg = Release|Any CPU
		{1502F6E9-6193-4BBD-BC08-DBD1E8EB0F6C}.Release|Any CPU.Build.0 = Release|Any CPU
	EndGlobalSection
	GlobalSection(SolutionProperties) = preSolution
		HideSolutionNode = FALSE
	EndGlobalSection
	GlobalSection(ExtensibilityGlobals) = postSolution
		SolutionGuid = {B28F86F5-EC12-42FF-9266-08F2D8DCF594}
	EndGlobalSection
EndGlobal
